
Microsoft Visual Studio Solution File, Format Version 12.00
# Visual Studio Version 17
VisualStudioVersion = 17.10.35004.147
MinimumVisualStudioVersion = 10.0.40219.1
Project("{FAE04EC0-301F-11D3-BF4B-00C04F79EFBC}") = "ResquePet", "ResquePet\ResquePet.csproj", "{74207BD6-4659-4685-A1E6-837F5FF5B14C}"
EndProject
Global
	GlobalSection(SolutionConfigurationPlatforms) = preSolution
		Debug|Any CPU = Debug|Any CPU
		Release|Any CPU = Release|Any CPU
	EndGlobalSection
	GlobalSection(ProjectConfigurationPlatforms) = postSolution
		{74207BD6-4659-4685-A1E6-837F5FF5B14C}.Debug|Any CPU.ActiveCfg = Debug|Any CPU
		{74207BD6-4659-4685-A1E6-837F5FF5B14C}.Debug|Any CPU.Build.0 = Debug|Any CPU
		{74207BD6-4659-4685-A1E6-837F5FF5B14C}.Release|Any CPU.ActiveCfg = Release|Any CPU
		{74207BD6-4659-4685-A1E6-837F5FF5B14C}.Release|Any CPU.Build.0 = Release|Any CPU
	EndGlobalSection
	GlobalSection(SolutionProperties) = preSolution
		HideSolutionNode = FALSE
	EndGlobalSection
	GlobalSection(ExtensibilityGlobals) = postSolution
		SolutionGuid = {1AB5412B-15D1-4B62-A6AB-301147F5E61A}
	EndGlobalSection
EndGlobal
